
Microsoft Visual Studio Solution File, Format Version 12.00
# Visual Studio Version 17
VisualStudioVersion = 17.5.33502.453
MinimumVisualStudioVersion = 10.0.40219.1
Project("{9A19103F-16F7-4668-BE54-9A1E7A4F7556}") = "Chess.Core", "Chess.Core\Chess.Core.csproj", "{1ADC1B23-3340-4389-9B85-CD50402025B8}"
EndProject
Project("{9A19103F-16F7-4668-BE54-9A1E7A4F7556}") = "Chess.Tests", "Chess.Tests\Chess.Tests.csproj", "{AEDB1E5F-EB0C-4371-9E92-C8E270C56E64}"
EndProject
Project("{2150E333-8FDC-42A3-9474-1A3956D46DE8}") = "Samples", "Samples", "{F0433715-D209-40BB-B8BC-2DF90CDFEA3B}"
EndProject
Project("{9A19103F-16F7-4668-BE54-9A1E7A4F7556}") = "ChessGameSimple", "Samples\ChessClient\ChessGameSimple.csproj", "{C2E964E6-015A-4923-9ED2-64B59655D8C9}"
EndProject
Project("{9A19103F-16F7-4668-BE54-9A1E7A4F7556}") = "ChessConsoleApp", "Samples\ChessConsoleApp\ChessConsoleApp.csproj", "{77F6944F-F4CD-424E-8EED-B2F923AA3412}"
EndProject
Project("{9A19103F-16F7-4668-BE54-9A1E7A4F7556}") = "ChessServer", "Samples\UdpServer\ChessServer.csproj", "{3458936A-549B-4AB5-A279-67221495977D}"
EndProject
Global
	GlobalSection(SolutionConfigurationPlatforms) = preSolution
		Debug|Any CPU = Debug|Any CPU
		Release|Any CPU = Release|Any CPU
	EndGlobalSection
	GlobalSection(ProjectConfigurationPlatforms) = postSolution
		{1ADC1B23-3340-4389-9B85-CD50402025B8}.Debug|Any CPU.ActiveCfg = Debug|Any CPU
		{1ADC1B23-3340-4389-9B85-CD50402025B8}.Debug|Any CPU.Build.0 = Debug|Any CPU
		{1ADC1B23-3340-4389-9B85-CD50402025B8}.Release|Any CPU.ActiveCfg = Release|Any CPU
		{1ADC1B23-3340-4389-9B85-CD50402025B8}.Release|Any CPU.Build.0 = Release|Any CPU
		{AEDB1E5F-EB0C-4371-9E92-C8E270C56E64}.Debug|Any CPU.ActiveCfg = Debug|Any CPU
		{AEDB1E5F-EB0C-4371-9E92-C8E270C56E64}.Debug|Any CPU.Build.0 = Debug|Any CPU
		{AEDB1E5F-EB0C-4371-9E92-C8E270C56E64}.Release|Any CPU.ActiveCfg = Release|Any CPU
		{AEDB1E5F-EB0C-4371-9E92-C8E270C56E64}.Release|Any CPU.Build.0 = Release|Any CPU
		{C2E964E6-015A-4923-9ED2-64B59655D8C9}.Debug|Any CPU.ActiveCfg = Debug|Any CPU
		{C2E964E6-015A-4923-9ED2-64B59655D8C9}.Debug|Any CPU.Build.0 = Debug|Any CPU
		{C2E964E6-015A-4923-9ED2-64B59655D8C9}.Release|Any CPU.ActiveCfg = Release|Any CPU
		{C2E964E6-015A-4923-9ED2-64B59655D8C9}.Release|Any CPU.Build.0 = Release|Any CPU
		{77F6944F-F4CD-424E-8EED-B2F923AA3412}.Debug|Any CPU.ActiveCfg = Debug|Any CPU
		{77F6944F-F4CD-424E-8EED-B2F923AA3412}.Debug|Any CPU.Build.0 = Debug|Any CPU
		{77F6944F-F4CD-424E-8EED-B2F923AA3412}.Release|Any CPU.ActiveCfg = Release|Any CPU
		{77F6944F-F4CD-424E-8EED-B2F923AA3412}.Release|Any CPU.Build.0 = Release|Any CPU
		{3458936A-549B-4AB5-A279-67221495977D}.Debug|Any CPU.ActiveCfg = Debug|Any CPU
		{3458936A-549B-4AB5-A279-67221495977D}.Debug|Any CPU.Build.0 = Debug|Any CPU
		{3458936A-549B-4AB5-A279-67221495977D}.Release|Any CPU.ActiveCfg = Release|Any CPU
		{3458936A-549B-4AB5-A279-67221495977D}.Release|Any CPU.Build.0 = Release|Any CPU
	EndGlobalSection
	GlobalSection(SolutionProperties) = preSolution
		HideSolutionNode = FALSE
	EndGlobalSection
	GlobalSection(NestedProjects) = preSolution
		{C2E964E6-015A-4923-9ED2-64B59655D8C9} = {F0433715-D209-40BB-B8BC-2DF90CDFEA3B}
		{77F6944F-F4CD-424E-8EED-B2F923AA3412} = {F0433715-D209-40BB-B8BC-2DF90CDFEA3B}
		{3458936A-549B-4AB5-A279-67221495977D} = {F0433715-D209-40BB-B8BC-2DF90CDFEA3B}
	EndGlobalSection
	GlobalSection(ExtensibilityGlobals) = postSolution
		SolutionGuid = {05D04F82-598F-45C5-82EA-0B6993D47C4E}
	EndGlobalSection
EndGlobal
